
Microsoft Visual Studio Solution File, Format Version 12.00
# Visual Studio Version 17
VisualStudioVersion = 17.3.32929.385
MinimumVisualStudioVersion = 10.0.40219.1
Project("{9A19103F-16F7-4668-BE54-9A1E7A4F7556}") = "Snake", "SnakeModel\Snake.csproj", "{67FBC701-C68E-42F7-B1F5-1F8B5D5D84AD}"
EndProject
Project("{9A19103F-16F7-4668-BE54-9A1E7A4F7556}") = "SnakeTest", "SnakeTest\SnakeTest.csproj", "{000D5F32-283E-4E25-AF98-65FBA8A3E4F8}"
EndProject
Project("{9A19103F-16F7-4668-BE54-9A1E7A4F7556}") = "Snake.MAUI", "Snake.MAUI\Snake.MAUI.csproj", "{71D15ED3-E91E-462F-B15D-3CE8B8C55978}"
EndProject
Global
	GlobalSection(SolutionConfigurationPlatforms) = preSolution
		Debug|Any CPU = Debug|Any CPU
		Release|Any CPU = Release|Any CPU
	EndGlobalSection
	GlobalSection(ProjectConfigurationPlatforms) = postSolution
		{67FBC701-C68E-42F7-B1F5-1F8B5D5D84AD}.Debug|Any CPU.ActiveCfg = Debug|Any CPU
		{67FBC701-C68E-42F7-B1F5-1F8B5D5D84AD}.Debug|Any CPU.Build.0 = Debug|Any CPU
		{67FBC701-C68E-42F7-B1F5-1F8B5D5D84AD}.Release|Any CPU.ActiveCfg = Release|Any CPU
		{67FBC701-C68E-42F7-B1F5-1F8B5D5D84AD}.Release|Any CPU.Build.0 = Release|Any CPU
		{000D5F32-283E-4E25-AF98-65FBA8A3E4F8}.Debug|Any CPU.ActiveCfg = Debug|Any CPU
		{000D5F32-283E-4E25-AF98-65FBA8A3E4F8}.Debug|Any CPU.Build.0 = Debug|Any CPU
		{000D5F32-283E-4E25-AF98-65FBA8A3E4F8}.Release|Any CPU.ActiveCfg = Release|Any CPU
		{000D5F32-283E-4E25-AF98-65FBA8A3E4F8}.Release|Any CPU.Build.0 = Release|Any CPU
		{71D15ED3-E91E-462F-B15D-3CE8B8C55978}.Debug|Any CPU.ActiveCfg = Debug|Any CPU
		{71D15ED3-E91E-462F-B15D-3CE8B8C55978}.Debug|Any CPU.Build.0 = Debug|Any CPU
		{71D15ED3-E91E-462F-B15D-3CE8B8C55978}.Debug|Any CPU.Deploy.0 = Debug|Any CPU
		{71D15ED3-E91E-462F-B15D-3CE8B8C55978}.Release|Any CPU.ActiveCfg = Release|Any CPU
		{71D15ED3-E91E-462F-B15D-3CE8B8C55978}.Release|Any CPU.Build.0 = Release|Any CPU
		{71D15ED3-E91E-462F-B15D-3CE8B8C55978}.Release|Any CPU.Deploy.0 = Release|Any CPU
	EndGlobalSection
	GlobalSection(SolutionProperties) = preSolution
		HideSolutionNode = FALSE
	EndGlobalSection
	GlobalSection(ExtensibilityGlobals) = postSolution
		SolutionGuid = {13BA74A8-B031-4350-B554-912AC0A7B7A8}
	EndGlobalSection
EndGlobal
